
Microsoft Visual Studio Solution File, Format Version 12.00
# Visual Studio Version 17
VisualStudioVersion = 17.10.34916.146
MinimumVisualStudioVersion = 10.0.40219.1
Project("{FAE04EC0-301F-11D3-BF4B-00C04F79EFBC}") = "Week6StringsANDArrays", "Week6StringsANDArrays\Week6StringsANDArrays.csproj", "{B147B7C7-B9D7-4505-93DA-9AA5B1BCC0E4}"
EndProject
Project("{FAE04EC0-301F-11D3-BF4B-00C04F79EFBC}") = "Arrays", "Arrays\Arrays.csproj", "{1BDC4EE7-A3CD-4F20-85E9-D42227635702}"
EndProject
Project("{FAE04EC0-301F-11D3-BF4B-00C04F79EFBC}") = "Number Arrays", "Number Arrays\Number Arrays.csproj", "{25EE2396-79AA-4C19-A684-8A8DAC5B5562}"
EndProject
Project("{FAE04EC0-301F-11D3-BF4B-00C04F79EFBC}") = "RandomElement", "RandomElement\RandomElement.csproj", "{1B822D0D-8860-4311-8765-3C0B1449E811}"
EndProject
Global
	GlobalSection(SolutionConfigurationPlatforms) = preSolution
		Debug|Any CPU = Debug|Any CPU
		Release|Any CPU = Release|Any CPU
	EndGlobalSection
	GlobalSection(ProjectConfigurationPlatforms) = postSolution
		{B147B7C7-B9D7-4505-93DA-9AA5B1BCC0E4}.Debug|Any CPU.ActiveCfg = Debug|Any CPU
		{B147B7C7-B9D7-4505-93DA-9AA5B1BCC0E4}.Debug|Any CPU.Build.0 = Debug|Any CPU
		{B147B7C7-B9D7-4505-93DA-9AA5B1BCC0E4}.Release|Any CPU.ActiveCfg = Release|Any CPU
		{B147B7C7-B9D7-4505-93DA-9AA5B1BCC0E4}.Release|Any CPU.Build.0 = Release|Any CPU
		{1BDC4EE7-A3CD-4F20-85E9-D42227635702}.Debug|Any CPU.ActiveCfg = Debug|Any CPU
		{1BDC4EE7-A3CD-4F20-85E9-D42227635702}.Debug|Any CPU.Build.0 = Debug|Any CPU
		{1BDC4EE7-A3CD-4F20-85E9-D42227635702}.Release|Any CPU.ActiveCfg = Release|Any CPU
		{1BDC4EE7-A3CD-4F20-85E9-D42227635702}.Release|Any CPU.Build.0 = Release|Any CPU
		{25EE2396-79AA-4C19-A684-8A8DAC5B5562}.Debug|Any CPU.ActiveCfg = Debug|Any CPU
		{25EE2396-79AA-4C19-A684-8A8DAC5B5562}.Debug|Any CPU.Build.0 = Debug|Any CPU
		{25EE2396-79AA-4C19-A684-8A8DAC5B5562}.Release|Any CPU.ActiveCfg = Release|Any CPU
		{25EE2396-79AA-4C19-A684-8A8DAC5B5562}.Release|Any CPU.Build.0 = Release|Any CPU
		{1B822D0D-8860-4311-8765-3C0B1449E811}.Debug|Any CPU.ActiveCfg = Debug|Any CPU
		{1B822D0D-8860-4311-8765-3C0B1449E811}.Debug|Any CPU.Build.0 = Debug|Any CPU
		{1B822D0D-8860-4311-8765-3C0B1449E811}.Release|Any CPU.ActiveCfg = Release|Any CPU
		{1B822D0D-8860-4311-8765-3C0B1449E811}.Release|Any CPU.Build.0 = Release|Any CPU
	EndGlobalSection
	GlobalSection(SolutionProperties) = preSolution
		HideSolutionNode = FALSE
	EndGlobalSection
	GlobalSection(ExtensibilityGlobals) = postSolution
		SolutionGuid = {E4610C1D-4F8F-4B7B-8079-C3BC2CEF798F}
	EndGlobalSection
EndGlobal
